
Microsoft Visual Studio Solution File, Format Version 12.00
# Visual Studio 14
VisualStudioVersion = 14.0.25420.1
MinimumVisualStudioVersion = 10.0.40219.1
Project("{2150E333-8FDC-42A3-9474-1A3956D46DE8}") = "REPS.SERVER", "REPS.SERVER", "{E8C0F406-2992-45A0-B75F-9D588C16D6BB}"
EndProject
Project("{2150E333-8FDC-42A3-9474-1A3956D46DE8}") = "REPS.DATA", "REPS.DATA", "{3FD7FB72-69D5-4910-92E9-714397AE8A39}"
EndProject
Project("{2150E333-8FDC-42A3-9474-1A3956D46DE8}") = "REPS.Utilities", "REPS.Utilities", "{48340A97-1D33-4F7E-B2EE-83482922AFAE}"
EndProject
Project("{FAE04EC0-301F-11D3-BF4B-00C04F79EFBC}") = "Common", "Common\Common.csproj", "{2F920600-67F0-411E-B27A-19C85FDBF12E}"
EndProject
Project("{FAE04EC0-301F-11D3-BF4B-00C04F79EFBC}") = "Docfusion", "Docfusion\Docfusion.csproj", "{682213AF-2D12-4BAE-8A1F-F7EBD7E10829}"
EndProject
Project("{FAE04EC0-301F-11D3-BF4B-00C04F79EFBC}") = "Global", "Global\Global.csproj", "{9598107C-E809-4CFF-BAD2-FE2D20970002}"
EndProject
Project("{00D1A9C2-B5F0-4AF3-8072-F6C62B433612}") = "REPS.DATA.REPSDB", "REPS.DATA.REPSDB\REPS.DATA.REPSDB.sqlproj", "{129E8D3D-333F-46C1-A4F5-86C7C21A23E2}"
EndProject
Project("{FAE04EC0-301F-11D3-BF4B-00C04F79EFBC}") = "REPS.Business", "REPS.Business\REPS.Business.csproj", "{15D0C183-53F7-41BA-9986-C805A4E8C684}"
EndProject
Project("{FAE04EC0-301F-11D3-BF4B-00C04F79EFBC}") = "REPS.WCF", "REPS.WCF\REPS.WCF.csproj", "{CE1478DB-9849-476C-98EB-7E05F5015EA3}"
EndProject
Project("{FAE04EC0-301F-11D3-BF4B-00C04F79EFBC}") = "REPS.DATA.Entity", "REPS.DATA.Entity\REPS.DATA.Entity.csproj", "{6E640648-68D7-4AA9-B901-A81BC07F2278}"
EndProject
Project("{FAE04EC0-301F-11D3-BF4B-00C04F79EFBC}") = "REPS.Authentication", "REPS.Authentication\REPS.Authentication.csproj", "{09F67505-8627-4E99-843A-13D00109072F}"
EndProject
Project("{2150E333-8FDC-42A3-9474-1A3956D46DE8}") = "REPS.CLIENT", "REPS.CLIENT", "{E8A2B4A9-CB63-4F4F-BEEE-5FFC59108F8D}"
EndProject
Project("{FAE04EC0-301F-11D3-BF4B-00C04F79EFBC}") = "REPS.UI", "REPS.UI\REPS.UI.csproj", "{F1E5C8AF-3D22-4517-A18F-88B3049CC0C2}"
	ProjectSection(ProjectDependencies) = postProject
		{CE1478DB-9849-476C-98EB-7E05F5015EA3} = {CE1478DB-9849-476C-98EB-7E05F5015EA3}
	EndProjectSection
EndProject
Project("{2150E333-8FDC-42A3-9474-1A3956D46DE8}") = "Solution Items", "Solution Items", "{1F1016DF-ECE0-4AB8-B92C-2C560152341A}"
	ProjectSection(SolutionItems) = preProject
		WE-Palette.css = WE-Palette.css
	EndProjectSection
EndProject
Global
	GlobalSection(SolutionConfigurationPlatforms) = preSolution
		Debug|Any CPU = Debug|Any CPU
		Debug|ARM = Debug|ARM
		Debug|x64 = Debug|x64
		Debug|x86 = Debug|x86
		local|Any CPU = local|Any CPU
		local|ARM = local|ARM
		local|x64 = local|x64
		local|x86 = local|x86
		MAU|Any CPU = MAU|Any CPU
		MAU|ARM = MAU|ARM
		MAU|x64 = MAU|x64
		MAU|x86 = MAU|x86
		Release|Any CPU = Release|Any CPU
		Release|ARM = Release|ARM
		Release|x64 = Release|x64
		Release|x86 = Release|x86
	EndGlobalSection
	GlobalSection(ProjectConfigurationPlatforms) = postSolution
		{2F920600-67F0-411E-B27A-19C85FDBF12E}.Debug|Any CPU.ActiveCfg = Debug|Any CPU
		{2F920600-67F0-411E-B27A-19C85FDBF12E}.Debug|Any CPU.Build.0 = Debug|Any CPU
		{2F920600-67F0-411E-B27A-19C85FDBF12E}.Debug|ARM.ActiveCfg = Debug|Any CPU
		{2F920600-67F0-411E-B27A-19C85FDBF12E}.Debug|ARM.Build.0 = Debug|Any CPU
		{2F920600-67F0-411E-B27A-19C85FDBF12E}.Debug|x64.ActiveCfg = Debug|Any CPU
		{2F920600-67F0-411E-B27A-19C85FDBF12E}.Debug|x64.Build.0 = Debug|Any CPU
		{2F920600-67F0-411E-B27A-19C85FDBF12E}.Debug|x86.ActiveCfg = Debug|Any CPU
		{2F920600-67F0-411E-B27A-19C85FDBF12E}.Debug|x86.Build.0 = Debug|Any CPU
		{2F920600-67F0-411E-B27A-19C85FDBF12E}.local|Any CPU.ActiveCfg = local|Any CPU
		{2F920600-67F0-411E-B27A-19C85FDBF12E}.local|Any CPU.Build.0 = local|Any CPU
		{2F920600-67F0-411E-B27A-19C85FDBF12E}.local|ARM.ActiveCfg = local|Any CPU
		{2F920600-67F0-411E-B27A-19C85FDBF12E}.local|ARM.Build.0 = local|Any CPU
		{2F920600-67F0-411E-B27A-19C85FDBF12E}.local|x64.ActiveCfg = local|Any CPU
		{2F920600-67F0-411E-B27A-19C85FDBF12E}.local|x64.Build.0 = local|Any CPU
		{2F920600-67F0-411E-B27A-19C85FDBF12E}.local|x86.ActiveCfg = local|Any CPU
		{2F920600-67F0-411E-B27A-19C85FDBF12E}.local|x86.Build.0 = local|Any CPU
		{2F920600-67F0-411E-B27A-19C85FDBF12E}.MAU|Any CPU.ActiveCfg = MAU|Any CPU
		{2F920600-67F0-411E-B27A-19C85FDBF12E}.MAU|Any CPU.Build.0 = MAU|Any CPU
		{2F920600-67F0-411E-B27A-19C85FDBF12E}.MAU|ARM.ActiveCfg = MAU|Any CPU
		{2F920600-67F0-411E-B27A-19C85FDBF12E}.MAU|ARM.Build.0 = MAU|Any CPU
		{2F920600-67F0-411E-B27A-19C85FDBF12E}.MAU|x64.ActiveCfg = MAU|Any CPU
		{2F920600-67F0-411E-B27A-19C85FDBF12E}.MAU|x64.Build.0 = MAU|Any CPU
		{2F920600-67F0-411E-B27A-19C85FDBF12E}.MAU|x86.ActiveCfg = MAU|Any CPU
		{2F920600-67F0-411E-B27A-19C85FDBF12E}.MAU|x86.Build.0 = MAU|Any CPU
		{2F920600-67F0-411E-B27A-19C85FDBF12E}.Release|Any CPU.ActiveCfg = Release|Any CPU
		{2F920600-67F0-411E-B27A-19C85FDBF12E}.Release|Any CPU.Build.0 = Release|Any CPU
		{2F920600-67F0-411E-B27A-19C85FDBF12E}.Release|ARM.ActiveCfg = Release|Any CPU
		{2F920600-67F0-411E-B27A-19C85FDBF12E}.Release|ARM.Build.0 = Release|Any CPU
		{2F920600-67F0-411E-B27A-19C85FDBF12E}.Release|x64.ActiveCfg = Release|Any CPU
		{2F920600-67F0-411E-B27A-19C85FDBF12E}.Release|x64.Build.0 = Release|Any CPU
		{2F920600-67F0-411E-B27A-19C85FDBF12E}.Release|x86.ActiveCfg = Release|Any CPU
		{2F920600-67F0-411E-B27A-19C85FDBF12E}.Release|x86.Build.0 = Release|Any CPU
		{682213AF-2D12-4BAE-8A1F-F7EBD7E10829}.Debug|Any CPU.ActiveCfg = Debug|Any CPU
		{682213AF-2D12-4BAE-8A1F-F7EBD7E10829}.Debug|Any CPU.Build.0 = Debug|Any CPU
		{682213AF-2D12-4BAE-8A1F-F7EBD7E10829}.Debug|ARM.ActiveCfg = Debug|Any CPU
		{682213AF-2D12-4BAE-8A1F-F7EBD7E10829}.Debug|ARM.Build.0 = Debug|Any CPU
		{682213AF-2D12-4BAE-8A1F-F7EBD7E10829}.Debug|x64.ActiveCfg = Debug|Any CPU
		{682213AF-2D12-4BAE-8A1F-F7EBD7E10829}.Debug|x64.Build.0 = Debug|Any CPU
		{682213AF-2D12-4BAE-8A1F-F7EBD7E10829}.Debug|x86.ActiveCfg = Debug|Any CPU
		{682213AF-2D12-4BAE-8A1F-F7EBD7E10829}.Debug|x86.Build.0 = Debug|Any CPU
		{682213AF-2D12-4BAE-8A1F-F7EBD7E10829}.local|Any CPU.ActiveCfg = local|Any CPU
		{682213AF-2D12-4BAE-8A1F-F7EBD7E10829}.local|Any CPU.Build.0 = local|Any CPU
		{682213AF-2D12-4BAE-8A1F-F7EBD7E10829}.local|ARM.ActiveCfg = local|Any CPU
		{682213AF-2D12-4BAE-8A1F-F7EBD7E10829}.local|ARM.Build.0 = local|Any CPU
		{682213AF-2D12-4BAE-8A1F-F7EBD7E10829}.local|x64.ActiveCfg = local|Any CPU
		{682213AF-2D12-4BAE-8A1F-F7EBD7E10829}.local|x64.Build.0 = local|Any CPU
		{682213AF-2D12-4BAE-8A1F-F7EBD7E10829}.local|x86.ActiveCfg = local|Any CPU
		{682213AF-2D12-4BAE-8A1F-F7EBD7E10829}.local|x86.Build.0 = local|Any CPU
		{682213AF-2D12-4BAE-8A1F-F7EBD7E10829}.MAU|Any CPU.ActiveCfg = MAU|Any CPU
		{682213AF-2D12-4BAE-8A1F-F7EBD7E10829}.MAU|Any CPU.Build.0 = MAU|Any CPU
		{682213AF-2D12-4BAE-8A1F-F7EBD7E10829}.MAU|ARM.ActiveCfg = MAU|Any CPU
		{682213AF-2D12-4BAE-8A1F-F7EBD7E10829}.MAU|ARM.Build.0 = MAU|Any CPU
		{682213AF-2D12-4BAE-8A1F-F7EBD7E10829}.MAU|x64.ActiveCfg = MAU|Any CPU
		{682213AF-2D12-4BAE-8A1F-F7EBD7E10829}.MAU|x64.Build.0 = MAU|Any CPU
		{682213AF-2D12-4BAE-8A1F-F7EBD7E10829}.MAU|x86.ActiveCfg = MAU|Any CPU
		{682213AF-2D12-4BAE-8A1F-F7EBD7E10829}.MAU|x86.Build.0 = MAU|Any CPU
		{682213AF-2D12-4BAE-8A1F-F7EBD7E10829}.Release|Any CPU.ActiveCfg = Release|Any CPU
		{682213AF-2D12-4BAE-8A1F-F7EBD7E10829}.Release|Any CPU.Build.0 = Release|Any CPU
		{682213AF-2D12-4BAE-8A1F-F7EBD7E10829}.Release|ARM.ActiveCfg = Release|Any CPU
		{682213AF-2D12-4BAE-8A1F-F7EBD7E10829}.Release|ARM.Build.0 = Release|Any CPU
		{682213AF-2D12-4BAE-8A1F-F7EBD7E10829}.Release|x64.ActiveCfg = Release|Any CPU
		{682213AF-2D12-4BAE-8A1F-F7EBD7E10829}.Release|x64.Build.0 = Release|Any CPU
		{682213AF-2D12-4BAE-8A1F-F7EBD7E10829}.Release|x86.ActiveCfg = Release|Any CPU
		{682213AF-2D12-4BAE-8A1F-F7EBD7E10829}.Release|x86.Build.0 = Release|Any CPU
		{9598107C-E809-4CFF-BAD2-FE2D20970002}.Debug|Any CPU.ActiveCfg = Debug|Any CPU
		{9598107C-E809-4CFF-BAD2-FE2D20970002}.Debug|Any CPU.Build.0 = Debug|Any CPU
		{9598107C-E809-4CFF-BAD2-FE2D20970002}.Debug|ARM.ActiveCfg = Debug|Any CPU
		{9598107C-E809-4CFF-BAD2-FE2D20970002}.Debug|ARM.Build.0 = Debug|Any CPU
		{9598107C-E809-4CFF-BAD2-FE2D20970002}.Debug|x64.ActiveCfg = Debug|Any CPU
		{9598107C-E809-4CFF-BAD2-FE2D20970002}.Debug|x64.Build.0 = Debug|Any CPU
		{9598107C-E809-4CFF-BAD2-FE2D20970002}.Debug|x86.ActiveCfg = Debug|Any CPU
		{9598107C-E809-4CFF-BAD2-FE2D20970002}.Debug|x86.Build.0 = Debug|Any CPU
		{9598107C-E809-4CFF-BAD2-FE2D20970002}.local|Any CPU.ActiveCfg = local|Any CPU
		{9598107C-E809-4CFF-BAD2-FE2D20970002}.local|Any CPU.Build.0 = local|Any CPU
		{9598107C-E809-4CFF-BAD2-FE2D20970002}.local|ARM.ActiveCfg = local|Any CPU
		{9598107C-E809-4CFF-BAD2-FE2D20970002}.local|ARM.Build.0 = local|Any CPU
		{9598107C-E809-4CFF-BAD2-FE2D20970002}.local|x64.ActiveCfg = local|Any CPU
		{9598107C-E809-4CFF-BAD2-FE2D20970002}.local|x64.Build.0 = local|Any CPU
		{9598107C-E809-4CFF-BAD2-FE2D20970002}.local|x86.ActiveCfg = local|Any CPU
		{9598107C-E809-4CFF-BAD2-FE2D20970002}.local|x86.Build.0 = local|Any CPU
		{9598107C-E809-4CFF-BAD2-FE2D20970002}.MAU|Any CPU.ActiveCfg = MAU|Any CPU
		{9598107C-E809-4CFF-BAD2-FE2D20970002}.MAU|Any CPU.Build.0 = MAU|Any CPU
		{9598107C-E809-4CFF-BAD2-FE2D20970002}.MAU|ARM.ActiveCfg = MAU|Any CPU
		{9598107C-E809-4CFF-BAD2-FE2D20970002}.MAU|ARM.Build.0 = MAU|Any CPU
		{9598107C-E809-4CFF-BAD2-FE2D20970002}.MAU|x64.ActiveCfg = MAU|Any CPU
		{9598107C-E809-4CFF-BAD2-FE2D20970002}.MAU|x64.Build.0 = MAU|Any CPU
		{9598107C-E809-4CFF-BAD2-FE2D20970002}.MAU|x86.ActiveCfg = MAU|Any CPU
		{9598107C-E809-4CFF-BAD2-FE2D20970002}.MAU|x86.Build.0 = MAU|Any CPU
		{9598107C-E809-4CFF-BAD2-FE2D20970002}.Release|Any CPU.ActiveCfg = Release|Any CPU
		{9598107C-E809-4CFF-BAD2-FE2D20970002}.Release|Any CPU.Build.0 = Release|Any CPU
		{9598107C-E809-4CFF-BAD2-FE2D20970002}.Release|ARM.ActiveCfg = Release|Any CPU
		{9598107C-E809-4CFF-BAD2-FE2D20970002}.Release|ARM.Build.0 = Release|Any CPU
		{9598107C-E809-4CFF-BAD2-FE2D20970002}.Release|x64.ActiveCfg = Release|Any CPU
		{9598107C-E809-4CFF-BAD2-FE2D20970002}.Release|x64.Build.0 = Release|Any CPU
		{9598107C-E809-4CFF-BAD2-FE2D20970002}.Release|x86.ActiveCfg = Release|Any CPU
		{9598107C-E809-4CFF-BAD2-FE2D20970002}.Release|x86.Build.0 = Release|Any CPU
		{129E8D3D-333F-46C1-A4F5-86C7C21A23E2}.Debug|Any CPU.ActiveCfg = Debug|Any CPU
		{129E8D3D-333F-46C1-A4F5-86C7C21A23E2}.Debug|Any CPU.Build.0 = Debug|Any CPU
		{129E8D3D-333F-46C1-A4F5-86C7C21A23E2}.Debug|ARM.ActiveCfg = Debug|Any CPU
		{129E8D3D-333F-46C1-A4F5-86C7C21A23E2}.Debug|ARM.Build.0 = Debug|Any CPU
		{129E8D3D-333F-46C1-A4F5-86C7C21A23E2}.Debug|ARM.Deploy.0 = Debug|Any CPU
		{129E8D3D-333F-46C1-A4F5-86C7C21A23E2}.Debug|x64.ActiveCfg = Debug|Any CPU
		{129E8D3D-333F-46C1-A4F5-86C7C21A23E2}.Debug|x64.Build.0 = Debug|Any CPU
		{129E8D3D-333F-46C1-A4F5-86C7C21A23E2}.Debug|x86.ActiveCfg = Debug|Any CPU
		{129E8D3D-333F-46C1-A4F5-86C7C21A23E2}.Debug|x86.Build.0 = Debug|Any CPU
		{129E8D3D-333F-46C1-A4F5-86C7C21A23E2}.Debug|x86.Deploy.0 = Debug|Any CPU
		{129E8D3D-333F-46C1-A4F5-86C7C21A23E2}.local|Any CPU.ActiveCfg = local|Any CPU
		{129E8D3D-333F-46C1-A4F5-86C7C21A23E2}.local|Any CPU.Build.0 = local|Any CPU
		{129E8D3D-333F-46C1-A4F5-86C7C21A23E2}.local|ARM.ActiveCfg = local|Any CPU
		{129E8D3D-333F-46C1-A4F5-86C7C21A23E2}.local|ARM.Build.0 = local|Any CPU
		{129E8D3D-333F-46C1-A4F5-86C7C21A23E2}.local|ARM.Deploy.0 = local|Any CPU
		{129E8D3D-333F-46C1-A4F5-86C7C21A23E2}.local|x64.ActiveCfg = local|Any CPU
		{129E8D3D-333F-46C1-A4F5-86C7C21A23E2}.local|x64.Build.0 = local|Any CPU
		{129E8D3D-333F-46C1-A4F5-86C7C21A23E2}.local|x64.Deploy.0 = local|Any CPU
		{129E8D3D-333F-46C1-A4F5-86C7C21A23E2}.local|x86.ActiveCfg = local|Any CPU
		{129E8D3D-333F-46C1-A4F5-86C7C21A23E2}.local|x86.Build.0 = local|Any CPU
		{129E8D3D-333F-46C1-A4F5-86C7C21A23E2}.local|x86.Deploy.0 = local|Any CPU
		{129E8D3D-333F-46C1-A4F5-86C7C21A23E2}.MAU|Any CPU.ActiveCfg = MAU|Any CPU
		{129E8D3D-333F-46C1-A4F5-86C7C21A23E2}.MAU|Any CPU.Build.0 = MAU|Any CPU
		{129E8D3D-333F-46C1-A4F5-86C7C21A23E2}.MAU|ARM.ActiveCfg = MAU|Any CPU
		{129E8D3D-333F-46C1-A4F5-86C7C21A23E2}.MAU|ARM.Build.0 = MAU|Any CPU
		{129E8D3D-333F-46C1-A4F5-86C7C21A23E2}.MAU|ARM.Deploy.0 = MAU|Any CPU
		{129E8D3D-333F-46C1-A4F5-86C7C21A23E2}.MAU|x64.ActiveCfg = MAU|Any CPU
		{129E8D3D-333F-46C1-A4F5-86C7C21A23E2}.MAU|x64.Build.0 = MAU|Any CPU
		{129E8D3D-333F-46C1-A4F5-86C7C21A23E2}.MAU|x64.Deploy.0 = MAU|Any CPU
		{129E8D3D-333F-46C1-A4F5-86C7C21A23E2}.MAU|x86.ActiveCfg = MAU|Any CPU
		{129E8D3D-333F-46C1-A4F5-86C7C21A23E2}.MAU|x86.Build.0 = MAU|Any CPU
		{129E8D3D-333F-46C1-A4F5-86C7C21A23E2}.MAU|x86.Deploy.0 = MAU|Any CPU
		{129E8D3D-333F-46C1-A4F5-86C7C21A23E2}.Release|Any CPU.ActiveCfg = Release|Any CPU
		{129E8D3D-333F-46C1-A4F5-86C7C21A23E2}.Release|Any CPU.Build.0 = Release|Any CPU
		{129E8D3D-333F-46C1-A4F5-86C7C21A23E2}.Release|Any CPU.Deploy.0 = Release|Any CPU
		{129E8D3D-333F-46C1-A4F5-86C7C21A23E2}.Release|ARM.ActiveCfg = Release|Any CPU
		{129E8D3D-333F-46C1-A4F5-86C7C21A23E2}.Release|ARM.Build.0 = Release|Any CPU
		{129E8D3D-333F-46C1-A4F5-86C7C21A23E2}.Release|ARM.Deploy.0 = Release|Any CPU
		{129E8D3D-333F-46C1-A4F5-86C7C21A23E2}.Release|x64.ActiveCfg = Release|Any CPU
		{129E8D3D-333F-46C1-A4F5-86C7C21A23E2}.Release|x64.Build.0 = Release|Any CPU
		{129E8D3D-333F-46C1-A4F5-86C7C21A23E2}.Release|x64.Deploy.0 = Release|Any CPU
		{129E8D3D-333F-46C1-A4F5-86C7C21A23E2}.Release|x86.ActiveCfg = Release|Any CPU
		{129E8D3D-333F-46C1-A4F5-86C7C21A23E2}.Release|x86.Build.0 = Release|Any CPU
		{129E8D3D-333F-46C1-A4F5-86C7C21A23E2}.Release|x86.Deploy.0 = Release|Any CPU
		{15D0C183-53F7-41BA-9986-C805A4E8C684}.Debug|Any CPU.ActiveCfg = Debug|Any CPU
		{15D0C183-53F7-41BA-9986-C805A4E8C684}.Debug|Any CPU.Build.0 = Debug|Any CPU
		{15D0C183-53F7-41BA-9986-C805A4E8C684}.Debug|ARM.ActiveCfg = Debug|Any CPU
		{15D0C183-53F7-41BA-9986-C805A4E8C684}.Debug|ARM.Build.0 = Debug|Any CPU
		{15D0C183-53F7-41BA-9986-C805A4E8C684}.Debug|x64.ActiveCfg = Debug|Any CPU
		{15D0C183-53F7-41BA-9986-C805A4E8C684}.Debug|x64.Build.0 = Debug|Any CPU
		{15D0C183-53F7-41BA-9986-C805A4E8C684}.Debug|x86.ActiveCfg = Debug|Any CPU
		{15D0C183-53F7-41BA-9986-C805A4E8C684}.Debug|x86.Build.0 = Debug|Any CPU
		{15D0C183-53F7-41BA-9986-C805A4E8C684}.local|Any CPU.ActiveCfg = local|Any CPU
		{15D0C183-53F7-41BA-9986-C805A4E8C684}.local|Any CPU.Build.0 = local|Any CPU
		{15D0C183-53F7-41BA-9986-C805A4E8C684}.local|ARM.ActiveCfg = local|Any CPU
		{15D0C183-53F7-41BA-9986-C805A4E8C684}.local|ARM.Build.0 = local|Any CPU
		{15D0C183-53F7-41BA-9986-C805A4E8C684}.local|x64.ActiveCfg = local|Any CPU
		{15D0C183-53F7-41BA-9986-C805A4E8C684}.local|x64.Build.0 = local|Any CPU
		{15D0C183-53F7-41BA-9986-C805A4E8C684}.local|x86.ActiveCfg = local|Any CPU
		{15D0C183-53F7-41BA-9986-C805A4E8C684}.local|x86.Build.0 = local|Any CPU
		{15D0C183-53F7-41BA-9986-C805A4E8C684}.MAU|Any CPU.ActiveCfg = MAU|Any CPU
		{15D0C183-53F7-41BA-9986-C805A4E8C684}.MAU|Any CPU.Build.0 = MAU|Any CPU
		{15D0C183-53F7-41BA-9986-C805A4E8C684}.MAU|ARM.ActiveCfg = MAU|Any CPU
		{15D0C183-53F7-41BA-9986-C805A4E8C684}.MAU|ARM.Build.0 = MAU|Any CPU
		{15D0C183-53F7-41BA-9986-C805A4E8C684}.MAU|x64.ActiveCfg = MAU|Any CPU
		{15D0C183-53F7-41BA-9986-C805A4E8C684}.MAU|x64.Build.0 = MAU|Any CPU
		{15D0C183-53F7-41BA-9986-C805A4E8C684}.MAU|x86.ActiveCfg = MAU|Any CPU
		{15D0C183-53F7-41BA-9986-C805A4E8C684}.MAU|x86.Build.0 = MAU|Any CPU
		{15D0C183-53F7-41BA-9986-C805A4E8C684}.Release|Any CPU.ActiveCfg = Release|Any CPU
		{15D0C183-53F7-41BA-9986-C805A4E8C684}.Release|Any CPU.Build.0 = Release|Any CPU
		{15D0C183-53F7-41BA-9986-C805A4E8C684}.Release|ARM.ActiveCfg = Release|Any CPU
		{15D0C183-53F7-41BA-9986-C805A4E8C684}.Release|ARM.Build.0 = Release|Any CPU
		{15D0C183-53F7-41BA-9986-C805A4E8C684}.Release|x64.ActiveCfg = Release|Any CPU
		{15D0C183-53F7-41BA-9986-C805A4E8C684}.Release|x64.Build.0 = Release|Any CPU
		{15D0C183-53F7-41BA-9986-C805A4E8C684}.Release|x86.ActiveCfg = Release|Any CPU
		{15D0C183-53F7-41BA-9986-C805A4E8C684}.Release|x86.Build.0 = Release|Any CPU
		{CE1478DB-9849-476C-98EB-7E05F5015EA3}.Debug|Any CPU.ActiveCfg = Debug|Any CPU
		{CE1478DB-9849-476C-98EB-7E05F5015EA3}.Debug|Any CPU.Build.0 = Debug|Any CPU
		{CE1478DB-9849-476C-98EB-7E05F5015EA3}.Debug|ARM.ActiveCfg = Debug|Any CPU
		{CE1478DB-9849-476C-98EB-7E05F5015EA3}.Debug|ARM.Build.0 = Debug|Any CPU
		{CE1478DB-9849-476C-98EB-7E05F5015EA3}.Debug|x64.ActiveCfg = Debug|Any CPU
		{CE1478DB-9849-476C-98EB-7E05F5015EA3}.Debug|x64.Build.0 = Debug|Any CPU
		{CE1478DB-9849-476C-98EB-7E05F5015EA3}.Debug|x86.ActiveCfg = Debug|Any CPU
		{CE1478DB-9849-476C-98EB-7E05F5015EA3}.Debug|x86.Build.0 = Debug|Any CPU
		{CE1478DB-9849-476C-98EB-7E05F5015EA3}.local|Any CPU.ActiveCfg = local|Any CPU
		{CE1478DB-9849-476C-98EB-7E05F5015EA3}.local|Any CPU.Build.0 = local|Any CPU
		{CE1478DB-9849-476C-98EB-7E05F5015EA3}.local|ARM.ActiveCfg = local|Any CPU
		{CE1478DB-9849-476C-98EB-7E05F5015EA3}.local|ARM.Build.0 = local|Any CPU
		{CE1478DB-9849-476C-98EB-7E05F5015EA3}.local|x64.ActiveCfg = local|Any CPU
		{CE1478DB-9849-476C-98EB-7E05F5015EA3}.local|x64.Build.0 = local|Any CPU
		{CE1478DB-9849-476C-98EB-7E05F5015EA3}.local|x86.ActiveCfg = local|Any CPU
		{CE1478DB-9849-476C-98EB-7E05F5015EA3}.local|x86.Build.0 = local|Any CPU
		{CE1478DB-9849-476C-98EB-7E05F5015EA3}.MAU|Any CPU.ActiveCfg = MAU|Any CPU
		{CE1478DB-9849-476C-98EB-7E05F5015EA3}.MAU|Any CPU.Build.0 = MAU|Any CPU
		{CE1478DB-9849-476C-98EB-7E05F5015EA3}.MAU|ARM.ActiveCfg = MAU|Any CPU
		{CE1478DB-9849-476C-98EB-7E05F5015EA3}.MAU|ARM.Build.0 = MAU|Any CPU
		{CE1478DB-9849-476C-98EB-7E05F5015EA3}.MAU|x64.ActiveCfg = MAU|Any CPU
		{CE1478DB-9849-476C-98EB-7E05F5015EA3}.MAU|x64.Build.0 = MAU|Any CPU
		{CE1478DB-9849-476C-98EB-7E05F5015EA3}.MAU|x86.ActiveCfg = MAU|Any CPU
		{CE1478DB-9849-476C-98EB-7E05F5015EA3}.MAU|x86.Build.0 = MAU|Any CPU
		{CE1478DB-9849-476C-98EB-7E05F5015EA3}.Release|Any CPU.ActiveCfg = Release|Any CPU
		{CE1478DB-9849-476C-98EB-7E05F5015EA3}.Release|Any CPU.Build.0 = Release|Any CPU
		{CE1478DB-9849-476C-98EB-7E05F5015EA3}.Release|ARM.ActiveCfg = Release|Any CPU
		{CE1478DB-9849-476C-98EB-7E05F5015EA3}.Release|ARM.Build.0 = Release|Any CPU
		{CE1478DB-9849-476C-98EB-7E05F5015EA3}.Release|x64.ActiveCfg = Release|Any CPU
		{CE1478DB-9849-476C-98EB-7E05F5015EA3}.Release|x64.Build.0 = Release|Any CPU
		{CE1478DB-9849-476C-98EB-7E05F5015EA3}.Release|x86.ActiveCfg = Release|Any CPU
		{CE1478DB-9849-476C-98EB-7E05F5015EA3}.Release|x86.Build.0 = Release|Any CPU
		{6E640648-68D7-4AA9-B901-A81BC07F2278}.Debug|Any CPU.ActiveCfg = Debug|Any CPU
		{6E640648-68D7-4AA9-B901-A81BC07F2278}.Debug|Any CPU.Build.0 = Debug|Any CPU
		{6E640648-68D7-4AA9-B901-A81BC07F2278}.Debug|Any CPU.Deploy.0 = Debug|Any CPU
		{6E640648-68D7-4AA9-B901-A81BC07F2278}.Debug|ARM.ActiveCfg = Debug|Any CPU
		{6E640648-68D7-4AA9-B901-A81BC07F2278}.Debug|ARM.Build.0 = Debug|Any CPU
		{6E640648-68D7-4AA9-B901-A81BC07F2278}.Debug|x64.ActiveCfg = Debug|Any CPU
		{6E640648-68D7-4AA9-B901-A81BC07F2278}.Debug|x64.Build.0 = Debug|Any CPU
		{6E640648-68D7-4AA9-B901-A81BC07F2278}.Debug|x86.ActiveCfg = Debug|Any CPU
		{6E640648-68D7-4AA9-B901-A81BC07F2278}.Debug|x86.Build.0 = Debug|Any CPU
		{6E640648-68D7-4AA9-B901-A81BC07F2278}.local|Any CPU.ActiveCfg = local|Any CPU
		{6E640648-68D7-4AA9-B901-A81BC07F2278}.local|Any CPU.Build.0 = local|Any CPU
		{6E640648-68D7-4AA9-B901-A81BC07F2278}.local|ARM.ActiveCfg = local|Any CPU
		{6E640648-68D7-4AA9-B901-A81BC07F2278}.local|ARM.Build.0 = local|Any CPU
		{6E640648-68D7-4AA9-B901-A81BC07F2278}.local|x64.ActiveCfg = local|Any CPU
		{6E640648-68D7-4AA9-B901-A81BC07F2278}.local|x64.Build.0 = local|Any CPU
		{6E640648-68D7-4AA9-B901-A81BC07F2278}.local|x86.ActiveCfg = local|Any CPU
		{6E640648-68D7-4AA9-B901-A81BC07F2278}.local|x86.Build.0 = local|Any CPU
		{6E640648-68D7-4AA9-B901-A81BC07F2278}.MAU|Any CPU.ActiveCfg = MAU|Any CPU
		{6E640648-68D7-4AA9-B901-A81BC07F2278}.MAU|Any CPU.Build.0 = MAU|Any CPU
		{6E640648-68D7-4AA9-B901-A81BC07F2278}.MAU|ARM.ActiveCfg = MAU|Any CPU
		{6E640648-68D7-4AA9-B901-A81BC07F2278}.MAU|ARM.Build.0 = MAU|Any CPU
		{6E640648-68D7-4AA9-B901-A81BC07F2278}.MAU|x64.ActiveCfg = MAU|Any CPU
		{6E640648-68D7-4AA9-B901-A81BC07F2278}.MAU|x64.Build.0 = MAU|Any CPU
		{6E640648-68D7-4AA9-B901-A81BC07F2278}.MAU|x86.ActiveCfg = MAU|Any CPU
		{6E640648-68D7-4AA9-B901-A81BC07F2278}.MAU|x86.Build.0 = MAU|Any CPU
		{6E640648-68D7-4AA9-B901-A81BC07F2278}.Release|Any CPU.ActiveCfg = Release|Any CPU
		{6E640648-68D7-4AA9-B901-A81BC07F2278}.Release|Any CPU.Build.0 = Release|Any CPU
		{6E640648-68D7-4AA9-B901-A81BC07F2278}.Release|ARM.ActiveCfg = Release|Any CPU
		{6E640648-68D7-4AA9-B901-A81BC07F2278}.Release|ARM.Build.0 = Release|Any CPU
		{6E640648-68D7-4AA9-B901-A81BC07F2278}.Release|x64.ActiveCfg = Release|Any CPU
		{6E640648-68D7-4AA9-B901-A81BC07F2278}.Release|x64.Build.0 = Release|Any CPU
		{6E640648-68D7-4AA9-B901-A81BC07F2278}.Release|x86.ActiveCfg = Release|Any CPU
		{6E640648-68D7-4AA9-B901-A81BC07F2278}.Release|x86.Build.0 = Release|Any CPU
		{09F67505-8627-4E99-843A-13D00109072F}.Debug|Any CPU.ActiveCfg = Debug|Any CPU
		{09F67505-8627-4E99-843A-13D00109072F}.Debug|Any CPU.Build.0 = Debug|Any CPU
		{09F67505-8627-4E99-843A-13D00109072F}.Debug|ARM.ActiveCfg = Debug|Any CPU
		{09F67505-8627-4E99-843A-13D00109072F}.Debug|ARM.Build.0 = Debug|Any CPU
		{09F67505-8627-4E99-843A-13D00109072F}.Debug|x64.ActiveCfg = Debug|Any CPU
		{09F67505-8627-4E99-843A-13D00109072F}.Debug|x64.Build.0 = Debug|Any CPU
		{09F67505-8627-4E99-843A-13D00109072F}.Debug|x86.ActiveCfg = Debug|Any CPU
		{09F67505-8627-4E99-843A-13D00109072F}.Debug|x86.Build.0 = Debug|Any CPU
		{09F67505-8627-4E99-843A-13D00109072F}.local|Any CPU.ActiveCfg = local|Any CPU
		{09F67505-8627-4E99-843A-13D00109072F}.local|Any CPU.Build.0 = local|Any CPU
		{09F67505-8627-4E99-843A-13D00109072F}.local|ARM.ActiveCfg = local|Any CPU
		{09F67505-8627-4E99-843A-13D00109072F}.local|ARM.Build.0 = local|Any CPU
		{09F67505-8627-4E99-843A-13D00109072F}.local|x64.ActiveCfg = local|Any CPU
		{09F67505-8627-4E99-843A-13D00109072F}.local|x64.Build.0 = local|Any CPU
		{09F67505-8627-4E99-843A-13D00109072F}.local|x86.ActiveCfg = local|Any CPU
		{09F67505-8627-4E99-843A-13D00109072F}.local|x86.Build.0 = local|Any CPU
		{09F67505-8627-4E99-843A-13D00109072F}.MAU|Any CPU.ActiveCfg = MAU|Any CPU
		{09F67505-8627-4E99-843A-13D00109072F}.MAU|Any CPU.Build.0 = MAU|Any CPU
		{09F67505-8627-4E99-843A-13D00109072F}.MAU|ARM.ActiveCfg = MAU|Any CPU
		{09F67505-8627-4E99-843A-13D00109072F}.MAU|ARM.Build.0 = MAU|Any CPU
		{09F67505-8627-4E99-843A-13D00109072F}.MAU|x64.ActiveCfg = MAU|Any CPU
		{09F67505-8627-4E99-843A-13D00109072F}.MAU|x64.Build.0 = MAU|Any CPU
		{09F67505-8627-4E99-843A-13D00109072F}.MAU|x86.ActiveCfg = MAU|Any CPU
		{09F67505-8627-4E99-843A-13D00109072F}.MAU|x86.Build.0 = MAU|Any CPU
		{09F67505-8627-4E99-843A-13D00109072F}.Release|Any CPU.ActiveCfg = Release|Any CPU
		{09F67505-8627-4E99-843A-13D00109072F}.Release|Any CPU.Build.0 = Release|Any CPU
		{09F67505-8627-4E99-843A-13D00109072F}.Release|ARM.ActiveCfg = Release|Any CPU
		{09F67505-8627-4E99-843A-13D00109072F}.Release|ARM.Build.0 = Release|Any CPU
		{09F67505-8627-4E99-843A-13D00109072F}.Release|x64.ActiveCfg = Release|Any CPU
		{09F67505-8627-4E99-843A-13D00109072F}.Release|x64.Build.0 = Release|Any CPU
		{09F67505-8627-4E99-843A-13D00109072F}.Release|x86.ActiveCfg = Release|Any CPU
		{09F67505-8627-4E99-843A-13D00109072F}.Release|x86.Build.0 = Release|Any CPU
		{F1E5C8AF-3D22-4517-A18F-88B3049CC0C2}.Debug|Any CPU.ActiveCfg = Debug|Any CPU
		{F1E5C8AF-3D22-4517-A18F-88B3049CC0C2}.Debug|Any CPU.Build.0 = Debug|Any CPU
		{F1E5C8AF-3D22-4517-A18F-88B3049CC0C2}.Debug|ARM.ActiveCfg = Debug|Any CPU
		{F1E5C8AF-3D22-4517-A18F-88B3049CC0C2}.Debug|ARM.Build.0 = Debug|Any CPU
		{F1E5C8AF-3D22-4517-A18F-88B3049CC0C2}.Debug|x64.ActiveCfg = Debug|Any CPU
		{F1E5C8AF-3D22-4517-A18F-88B3049CC0C2}.Debug|x64.Build.0 = Debug|Any CPU
		{F1E5C8AF-3D22-4517-A18F-88B3049CC0C2}.Debug|x86.ActiveCfg = Debug|Any CPU
		{F1E5C8AF-3D22-4517-A18F-88B3049CC0C2}.Debug|x86.Build.0 = Debug|Any CPU
		{F1E5C8AF-3D22-4517-A18F-88B3049CC0C2}.local|Any CPU.ActiveCfg = local|Any CPU
		{F1E5C8AF-3D22-4517-A18F-88B3049CC0C2}.local|Any CPU.Build.0 = local|Any CPU
		{F1E5C8AF-3D22-4517-A18F-88B3049CC0C2}.local|ARM.ActiveCfg = local|Any CPU
		{F1E5C8AF-3D22-4517-A18F-88B3049CC0C2}.local|ARM.Build.0 = local|Any CPU
		{F1E5C8AF-3D22-4517-A18F-88B3049CC0C2}.local|x64.ActiveCfg = local|Any CPU
		{F1E5C8AF-3D22-4517-A18F-88B3049CC0C2}.local|x64.Build.0 = local|Any CPU
		{F1E5C8AF-3D22-4517-A18F-88B3049CC0C2}.local|x86.ActiveCfg = local|Any CPU
		{F1E5C8AF-3D22-4517-A18F-88B3049CC0C2}.local|x86.Build.0 = local|Any CPU
		{F1E5C8AF-3D22-4517-A18F-88B3049CC0C2}.MAU|Any CPU.ActiveCfg = MAU|Any CPU
		{F1E5C8AF-3D22-4517-A18F-88B3049CC0C2}.MAU|Any CPU.Build.0 = MAU|Any CPU
		{F1E5C8AF-3D22-4517-A18F-88B3049CC0C2}.MAU|ARM.ActiveCfg = MAU|Any CPU
		{F1E5C8AF-3D22-4517-A18F-88B3049CC0C2}.MAU|ARM.Build.0 = MAU|Any CPU
		{F1E5C8AF-3D22-4517-A18F-88B3049CC0C2}.MAU|x64.ActiveCfg = MAU|Any CPU
		{F1E5C8AF-3D22-4517-A18F-88B3049CC0C2}.MAU|x64.Build.0 = MAU|Any CPU
		{F1E5C8AF-3D22-4517-A18F-88B3049CC0C2}.MAU|x86.ActiveCfg = MAU|Any CPU
		{F1E5C8AF-3D22-4517-A18F-88B3049CC0C2}.MAU|x86.Build.0 = MAU|Any CPU
		{F1E5C8AF-3D22-4517-A18F-88B3049CC0C2}.Release|Any CPU.ActiveCfg = Release|Any CPU
		{F1E5C8AF-3D22-4517-A18F-88B3049CC0C2}.Release|Any CPU.Build.0 = Release|Any CPU
		{F1E5C8AF-3D22-4517-A18F-88B3049CC0C2}.Release|ARM.ActiveCfg = Release|Any CPU
		{F1E5C8AF-3D22-4517-A18F-88B3049CC0C2}.Release|ARM.Build.0 = Release|Any CPU
		{F1E5C8AF-3D22-4517-A18F-88B3049CC0C2}.Release|x64.ActiveCfg = Release|Any CPU
		{F1E5C8AF-3D22-4517-A18F-88B3049CC0C2}.Release|x64.Build.0 = Release|Any CPU
		{F1E5C8AF-3D22-4517-A18F-88B3049CC0C2}.Release|x86.ActiveCfg = Release|Any CPU
		{F1E5C8AF-3D22-4517-A18F-88B3049CC0C2}.Release|x86.Build.0 = Release|Any CPU
	EndGlobalSection
	GlobalSection(SolutionProperties) = preSolution
		HideSolutionNode = FALSE
	EndGlobalSection
	GlobalSection(NestedProjects) = preSolution
		{3FD7FB72-69D5-4910-92E9-714397AE8A39} = {E8C0F406-2992-45A0-B75F-9D588C16D6BB}
		{2F920600-67F0-411E-B27A-19C85FDBF12E} = {48340A97-1D33-4F7E-B2EE-83482922AFAE}
		{682213AF-2D12-4BAE-8A1F-F7EBD7E10829} = {48340A97-1D33-4F7E-B2EE-83482922AFAE}
		{9598107C-E809-4CFF-BAD2-FE2D20970002} = {48340A97-1D33-4F7E-B2EE-83482922AFAE}
		{129E8D3D-333F-46C1-A4F5-86C7C21A23E2} = {3FD7FB72-69D5-4910-92E9-714397AE8A39}
		{15D0C183-53F7-41BA-9986-C805A4E8C684} = {E8C0F406-2992-45A0-B75F-9D588C16D6BB}
		{CE1478DB-9849-476C-98EB-7E05F5015EA3} = {E8C0F406-2992-45A0-B75F-9D588C16D6BB}
		{6E640648-68D7-4AA9-B901-A81BC07F2278} = {3FD7FB72-69D5-4910-92E9-714397AE8A39}
		{09F67505-8627-4E99-843A-13D00109072F} = {E8C0F406-2992-45A0-B75F-9D588C16D6BB}
		{F1E5C8AF-3D22-4517-A18F-88B3049CC0C2} = {E8A2B4A9-CB63-4F4F-BEEE-5FFC59108F8D}
	EndGlobalSection
EndGlobal
